
Microsoft Visual Studio Solution File, Format Version 12.00
# Visual Studio Version 17
VisualStudioVersion = 17.2.32602.215
MinimumVisualStudioVersion = 10.0.40219.1
Project("{FAE04EC0-301F-11D3-BF4B-00C04F79EFBC}") = "Output", "Output\Output.csproj", "{8B37A346-F0C2-41BD-89D0-3ABE39F875C1}"
EndProject
Global
	GlobalSection(SolutionConfigurationPlatforms) = preSolution
		Debug|Any CPU = Debug|Any CPU
		Release|Any CPU = Release|Any CPU
	EndGlobalSection
	GlobalSection(ProjectConfigurationPlatforms) = postSolution
		{8B37A346-F0C2-41BD-89D0-3ABE39F875C1}.Debug|Any CPU.ActiveCfg = Debug|Any CPU
		{8B37A346-F0C2-41BD-89D0-3ABE39F875C1}.Debug|Any CPU.Build.0 = Debug|Any CPU
		{8B37A346-F0C2-41BD-89D0-3ABE39F875C1}.Release|Any CPU.ActiveCfg = Release|Any CPU
		{8B37A346-F0C2-41BD-89D0-3ABE39F875C1}.Release|Any CPU.Build.0 = Release|Any CPU
	EndGlobalSection
	GlobalSection(SolutionProperties) = preSolution
		HideSolutionNode = FALSE
	EndGlobalSection
	GlobalSection(ExtensibilityGlobals) = postSolution
		SolutionGuid = {3905FD30-A24F-4948-9153-4B7EA7E76169}
	EndGlobalSection
EndGlobal
